
Microsoft Visual Studio Solution File, Format Version 12.00
# Visual Studio Version 16
VisualStudioVersion = 16.0.28922.388
MinimumVisualStudioVersion = 10.0.40219.1
Project("{9A19103F-16F7-4668-BE54-9A1E7A4F7556}") = "JShop", "JShop\JShop.csproj", "{5542BF91-13D7-4687-A3B6-9303BD62AC8E}"
EndProject
Project("{2150E333-8FDC-42A3-9474-1A3956D46DE8}") = "Module.Products", "Module.Products", "{2AA0CD4C-302C-4F95-9886-009EB4A26768}"
EndProject
Project("{2150E333-8FDC-42A3-9474-1A3956D46DE8}") = "Module.Orders", "Module.Orders", "{75D3E529-A9DB-4D85-A277-97687F853C31}"
EndProject
Project("{2150E333-8FDC-42A3-9474-1A3956D46DE8}") = "Common", "Common", "{B698989E-F9AC-4793-AF39-714F0A11C97C}"
EndProject
Project("{9A19103F-16F7-4668-BE54-9A1E7A4F7556}") = "OrderModule.Domain", "OrderModule.Domain\OrderModule.Domain.csproj", "{38265BFF-30B8-4CD0-A4F3-B8650B8A908A}"
EndProject
Project("{2150E333-8FDC-42A3-9474-1A3956D46DE8}") = "Module.Payment", "Module.Payment", "{6A333964-F217-4039-B828-57B62A18FB51}"
EndProject
Project("{9A19103F-16F7-4668-BE54-9A1E7A4F7556}") = "OrderModule.Database", "OrderModule.Database\OrderModule.Database.csproj", "{F8240105-361A-423C-9E54-FE670F93D2B9}"
EndProject
Project("{9A19103F-16F7-4668-BE54-9A1E7A4F7556}") = "ProductsModule.Database", "ProductsModule.Database\ProductsModule.Database.csproj", "{DBED967D-D532-4BB6-B083-C842602423DD}"
EndProject
Project("{9A19103F-16F7-4668-BE54-9A1E7A4F7556}") = "ProductsModule.Contracts", "ProductsModule.Contracts\ProductsModule.Contracts.csproj", "{041C35DD-02AA-4588-8C3F-D381A63897D2}"
EndProject
Project("{9A19103F-16F7-4668-BE54-9A1E7A4F7556}") = "ProductsModule.Handlers", "ProductsModule.Handlers\ProductsModule.Handlers.csproj", "{20597822-2540-4024-A860-157F08608BDB}"
EndProject
Project("{9A19103F-16F7-4668-BE54-9A1E7A4F7556}") = "Core.Infrastructure", "Core.Infrastructure\Core.Infrastructure.csproj", "{0A5A9813-9E42-47E2-8BDF-9C79D80E75CF}"
EndProject
Project("{9A19103F-16F7-4668-BE54-9A1E7A4F7556}") = "OrderModule.Contracts", "OrderModule.Contracts\OrderModule.Contracts.csproj", "{FC9648A3-8974-4AF8-B66B-C0A7BF35EBCF}"
EndProject
Project("{9A19103F-16F7-4668-BE54-9A1E7A4F7556}") = "OrderModule.Handlers", "OrderModule.Handlers\OrderModule.Handlers.csproj", "{0E1CD064-79CC-475D-A51F-23C2F584BAC4}"
EndProject
Project("{9A19103F-16F7-4668-BE54-9A1E7A4F7556}") = "PaymentModule.Comtracts", "PaymentModule.Comtracts\PaymentModule.Comtracts.csproj", "{AC74CE5E-C43A-45BB-8DCA-7739A44A6BEA}"
EndProject
Project("{9A19103F-16F7-4668-BE54-9A1E7A4F7556}") = "PaymentModule.Handlers", "PaymentModule.Handlers\PaymentModule.Handlers.csproj", "{92AF2CF5-D48D-4AE3-9097-3C89132F8EDA}"
EndProject
Project("{9A19103F-16F7-4668-BE54-9A1E7A4F7556}") = "PaymentModule.Api", "PaymentModule.Api\PaymentModule.Api.csproj", "{8CFDA185-8D3D-46BF-8AF0-39F7502EF59A}"
EndProject
Project("{9A19103F-16F7-4668-BE54-9A1E7A4F7556}") = "OrderModule.Test", "OrderModule.Test\OrderModule.Test.csproj", "{EB002710-B5ED-4A03-AF81-F0B03413C024}"
EndProject
Project("{A07B5EB6-E848-4116-A8D0-A826331D98C6}") = "JShopContainer", "JShopContainer\JShopContainer.sfproj", "{7E2381DA-B636-4756-8EF7-1F16B120A781}"
EndProject
Project("{9A19103F-16F7-4668-BE54-9A1E7A4F7556}") = "OrderModule.Api", "OrderModule.Api\OrderModule.Api.csproj", "{BEC781A5-5B5D-4767-9D35-9F69C108E8AE}"
EndProject
Project("{9A19103F-16F7-4668-BE54-9A1E7A4F7556}") = "ProductModule.Api", "ProductModule.Api\ProductModule.Api.csproj", "{2698D259-CDF1-4F44-A929-AEB7D4B77DAD}"
EndProject
Global
	GlobalSection(SolutionConfigurationPlatforms) = preSolution
		Debug|Any CPU = Debug|Any CPU
		Debug|x64 = Debug|x64
		Release|Any CPU = Release|Any CPU
		Release|x64 = Release|x64
	EndGlobalSection
	GlobalSection(ProjectConfigurationPlatforms) = postSolution
		{5542BF91-13D7-4687-A3B6-9303BD62AC8E}.Debug|Any CPU.ActiveCfg = Debug|Any CPU
		{5542BF91-13D7-4687-A3B6-9303BD62AC8E}.Debug|Any CPU.Build.0 = Debug|Any CPU
		{5542BF91-13D7-4687-A3B6-9303BD62AC8E}.Debug|x64.ActiveCfg = Debug|Any CPU
		{5542BF91-13D7-4687-A3B6-9303BD62AC8E}.Debug|x64.Build.0 = Debug|Any CPU
		{5542BF91-13D7-4687-A3B6-9303BD62AC8E}.Release|Any CPU.ActiveCfg = Release|Any CPU
		{5542BF91-13D7-4687-A3B6-9303BD62AC8E}.Release|Any CPU.Build.0 = Release|Any CPU
		{5542BF91-13D7-4687-A3B6-9303BD62AC8E}.Release|x64.ActiveCfg = Release|Any CPU
		{5542BF91-13D7-4687-A3B6-9303BD62AC8E}.Release|x64.Build.0 = Release|Any CPU
		{38265BFF-30B8-4CD0-A4F3-B8650B8A908A}.Debug|Any CPU.ActiveCfg = Debug|Any CPU
		{38265BFF-30B8-4CD0-A4F3-B8650B8A908A}.Debug|Any CPU.Build.0 = Debug|Any CPU
		{38265BFF-30B8-4CD0-A4F3-B8650B8A908A}.Debug|x64.ActiveCfg = Debug|Any CPU
		{38265BFF-30B8-4CD0-A4F3-B8650B8A908A}.Debug|x64.Build.0 = Debug|Any CPU
		{38265BFF-30B8-4CD0-A4F3-B8650B8A908A}.Release|Any CPU.ActiveCfg = Release|Any CPU
		{38265BFF-30B8-4CD0-A4F3-B8650B8A908A}.Release|Any CPU.Build.0 = Release|Any CPU
		{38265BFF-30B8-4CD0-A4F3-B8650B8A908A}.Release|x64.ActiveCfg = Release|Any CPU
		{38265BFF-30B8-4CD0-A4F3-B8650B8A908A}.Release|x64.Build.0 = Release|Any CPU
		{F8240105-361A-423C-9E54-FE670F93D2B9}.Debug|Any CPU.ActiveCfg = Debug|Any CPU
		{F8240105-361A-423C-9E54-FE670F93D2B9}.Debug|Any CPU.Build.0 = Debug|Any CPU
		{F8240105-361A-423C-9E54-FE670F93D2B9}.Debug|x64.ActiveCfg = Debug|Any CPU
		{F8240105-361A-423C-9E54-FE670F93D2B9}.Debug|x64.Build.0 = Debug|Any CPU
		{F8240105-361A-423C-9E54-FE670F93D2B9}.Release|Any CPU.ActiveCfg = Release|Any CPU
		{F8240105-361A-423C-9E54-FE670F93D2B9}.Release|Any CPU.Build.0 = Release|Any CPU
		{F8240105-361A-423C-9E54-FE670F93D2B9}.Release|x64.ActiveCfg = Release|Any CPU
		{F8240105-361A-423C-9E54-FE670F93D2B9}.Release|x64.Build.0 = Release|Any CPU
		{DBED967D-D532-4BB6-B083-C842602423DD}.Debug|Any CPU.ActiveCfg = Debug|Any CPU
		{DBED967D-D532-4BB6-B083-C842602423DD}.Debug|Any CPU.Build.0 = Debug|Any CPU
		{DBED967D-D532-4BB6-B083-C842602423DD}.Debug|x64.ActiveCfg = Debug|Any CPU
		{DBED967D-D532-4BB6-B083-C842602423DD}.Debug|x64.Build.0 = Debug|Any CPU
		{DBED967D-D532-4BB6-B083-C842602423DD}.Release|Any CPU.ActiveCfg = Release|Any CPU
		{DBED967D-D532-4BB6-B083-C842602423DD}.Release|Any CPU.Build.0 = Release|Any CPU
		{DBED967D-D532-4BB6-B083-C842602423DD}.Release|x64.ActiveCfg = Release|Any CPU
		{DBED967D-D532-4BB6-B083-C842602423DD}.Release|x64.Build.0 = Release|Any CPU
		{041C35DD-02AA-4588-8C3F-D381A63897D2}.Debug|Any CPU.ActiveCfg = Debug|Any CPU
		{041C35DD-02AA-4588-8C3F-D381A63897D2}.Debug|Any CPU.Build.0 = Debug|Any CPU
		{041C35DD-02AA-4588-8C3F-D381A63897D2}.Debug|x64.ActiveCfg = Debug|Any CPU
		{041C35DD-02AA-4588-8C3F-D381A63897D2}.Debug|x64.Build.0 = Debug|Any CPU
		{041C35DD-02AA-4588-8C3F-D381A63897D2}.Release|Any CPU.ActiveCfg = Release|Any CPU
		{041C35DD-02AA-4588-8C3F-D381A63897D2}.Release|Any CPU.Build.0 = Release|Any CPU
		{041C35DD-02AA-4588-8C3F-D381A63897D2}.Release|x64.ActiveCfg = Release|Any CPU
		{041C35DD-02AA-4588-8C3F-D381A63897D2}.Release|x64.Build.0 = Release|Any CPU
		{20597822-2540-4024-A860-157F08608BDB}.Debug|Any CPU.ActiveCfg = Debug|Any CPU
		{20597822-2540-4024-A860-157F08608BDB}.Debug|Any CPU.Build.0 = Debug|Any CPU
		{20597822-2540-4024-A860-157F08608BDB}.Debug|x64.ActiveCfg = Debug|Any CPU
		{20597822-2540-4024-A860-157F08608BDB}.Debug|x64.Build.0 = Debug|Any CPU
		{20597822-2540-4024-A860-157F08608BDB}.Release|Any CPU.ActiveCfg = Release|Any CPU
		{20597822-2540-4024-A860-157F08608BDB}.Release|Any CPU.Build.0 = Release|Any CPU
		{20597822-2540-4024-A860-157F08608BDB}.Release|x64.ActiveCfg = Release|Any CPU
		{20597822-2540-4024-A860-157F08608BDB}.Release|x64.Build.0 = Release|Any CPU
		{0A5A9813-9E42-47E2-8BDF-9C79D80E75CF}.Debug|Any CPU.ActiveCfg = Debug|Any CPU
		{0A5A9813-9E42-47E2-8BDF-9C79D80E75CF}.Debug|Any CPU.Build.0 = Debug|Any CPU
		{0A5A9813-9E42-47E2-8BDF-9C79D80E75CF}.Debug|x64.ActiveCfg = Debug|Any CPU
		{0A5A9813-9E42-47E2-8BDF-9C79D80E75CF}.Debug|x64.Build.0 = Debug|Any CPU
		{0A5A9813-9E42-47E2-8BDF-9C79D80E75CF}.Release|Any CPU.ActiveCfg = Release|Any CPU
		{0A5A9813-9E42-47E2-8BDF-9C79D80E75CF}.Release|Any CPU.Build.0 = Release|Any CPU
		{0A5A9813-9E42-47E2-8BDF-9C79D80E75CF}.Release|x64.ActiveCfg = Release|Any CPU
		{0A5A9813-9E42-47E2-8BDF-9C79D80E75CF}.Release|x64.Build.0 = Release|Any CPU
		{FC9648A3-8974-4AF8-B66B-C0A7BF35EBCF}.Debug|Any CPU.ActiveCfg = Debug|Any CPU
		{FC9648A3-8974-4AF8-B66B-C0A7BF35EBCF}.Debug|Any CPU.Build.0 = Debug|Any CPU
		{FC9648A3-8974-4AF8-B66B-C0A7BF35EBCF}.Debug|x64.ActiveCfg = Debug|Any CPU
		{FC9648A3-8974-4AF8-B66B-C0A7BF35EBCF}.Debug|x64.Build.0 = Debug|Any CPU
		{FC9648A3-8974-4AF8-B66B-C0A7BF35EBCF}.Release|Any CPU.ActiveCfg = Release|Any CPU
		{FC9648A3-8974-4AF8-B66B-C0A7BF35EBCF}.Release|Any CPU.Build.0 = Release|Any CPU
		{FC9648A3-8974-4AF8-B66B-C0A7BF35EBCF}.Release|x64.ActiveCfg = Release|Any CPU
		{FC9648A3-8974-4AF8-B66B-C0A7BF35EBCF}.Release|x64.Build.0 = Release|Any CPU
		{0E1CD064-79CC-475D-A51F-23C2F584BAC4}.Debug|Any CPU.ActiveCfg = Debug|Any CPU
		{0E1CD064-79CC-475D-A51F-23C2F584BAC4}.Debug|Any CPU.Build.0 = Debug|Any CPU
		{0E1CD064-79CC-475D-A51F-23C2F584BAC4}.Debug|x64.ActiveCfg = Debug|Any CPU
		{0E1CD064-79CC-475D-A51F-23C2F584BAC4}.Debug|x64.Build.0 = Debug|Any CPU
		{0E1CD064-79CC-475D-A51F-23C2F584BAC4}.Release|Any CPU.ActiveCfg = Release|Any CPU
		{0E1CD064-79CC-475D-A51F-23C2F584BAC4}.Release|Any CPU.Build.0 = Release|Any CPU
		{0E1CD064-79CC-475D-A51F-23C2F584BAC4}.Release|x64.ActiveCfg = Release|Any CPU
		{0E1CD064-79CC-475D-A51F-23C2F584BAC4}.Release|x64.Build.0 = Release|Any CPU
		{AC74CE5E-C43A-45BB-8DCA-7739A44A6BEA}.Debug|Any CPU.ActiveCfg = Debug|Any CPU
		{AC74CE5E-C43A-45BB-8DCA-7739A44A6BEA}.Debug|Any CPU.Build.0 = Debug|Any CPU
		{AC74CE5E-C43A-45BB-8DCA-7739A44A6BEA}.Debug|x64.ActiveCfg = Debug|Any CPU
		{AC74CE5E-C43A-45BB-8DCA-7739A44A6BEA}.Debug|x64.Build.0 = Debug|Any CPU
		{AC74CE5E-C43A-45BB-8DCA-7739A44A6BEA}.Release|Any CPU.ActiveCfg = Release|Any CPU
		{AC74CE5E-C43A-45BB-8DCA-7739A44A6BEA}.Release|Any CPU.Build.0 = Release|Any CPU
		{AC74CE5E-C43A-45BB-8DCA-7739A44A6BEA}.Release|x64.ActiveCfg = Release|Any CPU
		{AC74CE5E-C43A-45BB-8DCA-7739A44A6BEA}.Release|x64.Build.0 = Release|Any CPU
		{92AF2CF5-D48D-4AE3-9097-3C89132F8EDA}.Debug|Any CPU.ActiveCfg = Debug|Any CPU
		{92AF2CF5-D48D-4AE3-9097-3C89132F8EDA}.Debug|Any CPU.Build.0 = Debug|Any CPU
		{92AF2CF5-D48D-4AE3-9097-3C89132F8EDA}.Debug|x64.ActiveCfg = Debug|Any CPU
		{92AF2CF5-D48D-4AE3-9097-3C89132F8EDA}.Debug|x64.Build.0 = Debug|Any CPU
		{92AF2CF5-D48D-4AE3-9097-3C89132F8EDA}.Release|Any CPU.ActiveCfg = Release|Any CPU
		{92AF2CF5-D48D-4AE3-9097-3C89132F8EDA}.Release|Any CPU.Build.0 = Release|Any CPU
		{92AF2CF5-D48D-4AE3-9097-3C89132F8EDA}.Release|x64.ActiveCfg = Release|Any CPU
		{92AF2CF5-D48D-4AE3-9097-3C89132F8EDA}.Release|x64.Build.0 = Release|Any CPU
		{8CFDA185-8D3D-46BF-8AF0-39F7502EF59A}.Debug|Any CPU.ActiveCfg = Debug|Any CPU
		{8CFDA185-8D3D-46BF-8AF0-39F7502EF59A}.Debug|Any CPU.Build.0 = Debug|Any CPU
		{8CFDA185-8D3D-46BF-8AF0-39F7502EF59A}.Debug|x64.ActiveCfg = Debug|Any CPU
		{8CFDA185-8D3D-46BF-8AF0-39F7502EF59A}.Debug|x64.Build.0 = Debug|Any CPU
		{8CFDA185-8D3D-46BF-8AF0-39F7502EF59A}.Release|Any CPU.ActiveCfg = Release|Any CPU
		{8CFDA185-8D3D-46BF-8AF0-39F7502EF59A}.Release|Any CPU.Build.0 = Release|Any CPU
		{8CFDA185-8D3D-46BF-8AF0-39F7502EF59A}.Release|x64.ActiveCfg = Release|Any CPU
		{8CFDA185-8D3D-46BF-8AF0-39F7502EF59A}.Release|x64.Build.0 = Release|Any CPU
		{EB002710-B5ED-4A03-AF81-F0B03413C024}.Debug|Any CPU.ActiveCfg = Debug|Any CPU
		{EB002710-B5ED-4A03-AF81-F0B03413C024}.Debug|Any CPU.Build.0 = Debug|Any CPU
		{EB002710-B5ED-4A03-AF81-F0B03413C024}.Debug|x64.ActiveCfg = Debug|Any CPU
		{EB002710-B5ED-4A03-AF81-F0B03413C024}.Debug|x64.Build.0 = Debug|Any CPU
		{EB002710-B5ED-4A03-AF81-F0B03413C024}.Release|Any CPU.ActiveCfg = Release|Any CPU
		{EB002710-B5ED-4A03-AF81-F0B03413C024}.Release|Any CPU.Build.0 = Release|Any CPU
		{EB002710-B5ED-4A03-AF81-F0B03413C024}.Release|x64.ActiveCfg = Release|Any CPU
		{EB002710-B5ED-4A03-AF81-F0B03413C024}.Release|x64.Build.0 = Release|Any CPU
		{7E2381DA-B636-4756-8EF7-1F16B120A781}.Debug|Any CPU.ActiveCfg = Debug|x64
		{7E2381DA-B636-4756-8EF7-1F16B120A781}.Debug|x64.ActiveCfg = Debug|x64
		{7E2381DA-B636-4756-8EF7-1F16B120A781}.Debug|x64.Build.0 = Debug|x64
		{7E2381DA-B636-4756-8EF7-1F16B120A781}.Debug|x64.Deploy.0 = Debug|x64
		{7E2381DA-B636-4756-8EF7-1F16B120A781}.Release|Any CPU.ActiveCfg = Release|x64
		{7E2381DA-B636-4756-8EF7-1F16B120A781}.Release|x64.ActiveCfg = Release|x64
		{7E2381DA-B636-4756-8EF7-1F16B120A781}.Release|x64.Build.0 = Release|x64
		{7E2381DA-B636-4756-8EF7-1F16B120A781}.Release|x64.Deploy.0 = Release|x64
		{BEC781A5-5B5D-4767-9D35-9F69C108E8AE}.Debug|Any CPU.ActiveCfg = Debug|Any CPU
		{BEC781A5-5B5D-4767-9D35-9F69C108E8AE}.Debug|Any CPU.Build.0 = Debug|Any CPU
		{BEC781A5-5B5D-4767-9D35-9F69C108E8AE}.Debug|x64.ActiveCfg = Debug|Any CPU
		{BEC781A5-5B5D-4767-9D35-9F69C108E8AE}.Debug|x64.Build.0 = Debug|Any CPU
		{BEC781A5-5B5D-4767-9D35-9F69C108E8AE}.Release|Any CPU.ActiveCfg = Release|Any CPU
		{BEC781A5-5B5D-4767-9D35-9F69C108E8AE}.Release|Any CPU.Build.0 = Release|Any CPU
		{BEC781A5-5B5D-4767-9D35-9F69C108E8AE}.Release|x64.ActiveCfg = Release|Any CPU
		{BEC781A5-5B5D-4767-9D35-9F69C108E8AE}.Release|x64.Build.0 = Release|Any CPU
		{2698D259-CDF1-4F44-A929-AEB7D4B77DAD}.Debug|Any CPU.ActiveCfg = Debug|Any CPU
		{2698D259-CDF1-4F44-A929-AEB7D4B77DAD}.Debug|Any CPU.Build.0 = Debug|Any CPU
		{2698D259-CDF1-4F44-A929-AEB7D4B77DAD}.Debug|x64.ActiveCfg = Debug|Any CPU
		{2698D259-CDF1-4F44-A929-AEB7D4B77DAD}.Debug|x64.Build.0 = Debug|Any CPU
		{2698D259-CDF1-4F44-A929-AEB7D4B77DAD}.Release|Any CPU.ActiveCfg = Release|Any CPU
		{2698D259-CDF1-4F44-A929-AEB7D4B77DAD}.Release|Any CPU.Build.0 = Release|Any CPU
		{2698D259-CDF1-4F44-A929-AEB7D4B77DAD}.Release|x64.ActiveCfg = Release|Any CPU
		{2698D259-CDF1-4F44-A929-AEB7D4B77DAD}.Release|x64.Build.0 = Release|Any CPU
	EndGlobalSection
	GlobalSection(SolutionProperties) = preSolution
		HideSolutionNode = FALSE
	EndGlobalSection
	GlobalSection(NestedProjects) = preSolution
		{38265BFF-30B8-4CD0-A4F3-B8650B8A908A} = {75D3E529-A9DB-4D85-A277-97687F853C31}
		{F8240105-361A-423C-9E54-FE670F93D2B9} = {75D3E529-A9DB-4D85-A277-97687F853C31}
		{DBED967D-D532-4BB6-B083-C842602423DD} = {2AA0CD4C-302C-4F95-9886-009EB4A26768}
		{041C35DD-02AA-4588-8C3F-D381A63897D2} = {2AA0CD4C-302C-4F95-9886-009EB4A26768}
		{20597822-2540-4024-A860-157F08608BDB} = {2AA0CD4C-302C-4F95-9886-009EB4A26768}
		{0A5A9813-9E42-47E2-8BDF-9C79D80E75CF} = {B698989E-F9AC-4793-AF39-714F0A11C97C}
		{FC9648A3-8974-4AF8-B66B-C0A7BF35EBCF} = {75D3E529-A9DB-4D85-A277-97687F853C31}
		{0E1CD064-79CC-475D-A51F-23C2F584BAC4} = {75D3E529-A9DB-4D85-A277-97687F853C31}
		{AC74CE5E-C43A-45BB-8DCA-7739A44A6BEA} = {6A333964-F217-4039-B828-57B62A18FB51}
		{92AF2CF5-D48D-4AE3-9097-3C89132F8EDA} = {6A333964-F217-4039-B828-57B62A18FB51}
		{8CFDA185-8D3D-46BF-8AF0-39F7502EF59A} = {6A333964-F217-4039-B828-57B62A18FB51}
		{EB002710-B5ED-4A03-AF81-F0B03413C024} = {75D3E529-A9DB-4D85-A277-97687F853C31}
		{7E2381DA-B636-4756-8EF7-1F16B120A781} = {B698989E-F9AC-4793-AF39-714F0A11C97C}
		{BEC781A5-5B5D-4767-9D35-9F69C108E8AE} = {75D3E529-A9DB-4D85-A277-97687F853C31}
		{2698D259-CDF1-4F44-A929-AEB7D4B77DAD} = {2AA0CD4C-302C-4F95-9886-009EB4A26768}
	EndGlobalSection
	GlobalSection(ExtensibilityGlobals) = postSolution
		SolutionGuid = {29FC0BA5-3A67-40ED-AB6C-08B9D9A75279}
	EndGlobalSection
EndGlobal
